// !$*UTF8*$!
{
	archiveVersion = 1;
	classes = {
	};
	objectVersion = 46;
	objects = {

/* Begin PBXBuildFile section */
		2D2F049519E0B9F200A48B6D /* beginning.map in CopyFiles */ = {isa = PBXBuildFile; fileRef = 2DA1CD9B19E077D400EA2B83 /* beginning.map */; };
		2D2F049719E0E15F00A48B6D /* out_room.map in Sources */ = {isa = PBXBuildFile; fileRef = 2D2F049619E0E15F00A48B6D /* out_room.map */; };
		2D2F049819E0E16500A48B6D /* out_room.map in CopyFiles */ = {isa = PBXBuildFile; fileRef = 2D2F049619E0E15F00A48B6D /* out_room.map */; };
		2DA1CD9519DE500700EA2B83 /* main.cpp in Sources */ = {isa = PBXBuildFile; fileRef = 2DA1CD9419DE500700EA2B83 /* main.cpp */; };
/* End PBXBuildFile section */

/* Begin PBXCopyFilesBuildPhase section */
		2DA1CD8F19DE500700EA2B83 /* CopyFiles */ = {
			isa = PBXCopyFilesBuildPhase;
			buildActionMask = 12;
			dstPath = "";
			dstSubfolderSpec = 16;
			files = (
				2D2F049819E0E16500A48B6D /* out_room.map in CopyFiles */,
				2D2F049519E0B9F200A48B6D /* beginning.map in CopyFiles */,
			);
			runOnlyForDeploymentPostprocessing = 0;
		};
/* End PBXCopyFilesBuildPhase section */

/* Begin PBXFileReference section */
		2D2F049619E0E15F00A48B6D /* out_room.map */ = {isa = PBXFileReference; fileEncoding = 4; lastKnownFileType = "sourcecode.module-map"; path = out_room.map; sourceTree = "<group>"; };
		2DA1CD9119DE500700EA2B83 /* raycaster_explainer */ = {isa = PBXFileReference; explicitFileType = "compiled.mach-o.executable"; includeInIndex = 0; path = raycaster_explainer; sourceTree = BUILT_PRODUCTS_DIR; };
		2DA1CD9419DE500700EA2B83 /* main.cpp */ = {isa = PBXFileReference; lastKnownFileType = sourcecode.cpp.cpp; path = main.cpp; sourceTree = "<group>"; };
		2DA1CD9B19E077D400EA2B83 /* beginning.map */ = {isa = PBXFileReference; fileEncoding = 4; lastKnownFileType = "sourcecode.module-map"; path = beginning.map; sourceTree = "<group>"; };
		2DA1CD9C19E077D400EA2B83 /* TemplateIcon2x.png */ = {isa = PBXFileReference; lastKnownFileType = image.png; path = TemplateIcon2x.png; sourceTree = "<group>"; };
/* End PBXFileReference section */

/* Begin PBXFrameworksBuildPhase section */
		2DA1CD8E19DE500700EA2B83 /* Frameworks */ = {
			isa = PBXFrameworksBuildPhase;
			buildActionMask = 2147483647;
			files = (
			);
			runOnlyForDeploymentPostprocessing = 0;
		};
/* End PBXFrameworksBuildPhase section */

/* Begin PBXGroup section */
		2DA1CD8819DE500700EA2B83 = {
			isa = PBXGroup;
			children = (
				2DA1CD9319DE500700EA2B83 /* raycaster_explainer */,
				2DA1CD9219DE500700EA2B83 /* Products */,
			);
			sourceTree = "<group>";
		};
		2DA1CD9219DE500700EA2B83 /* Products */ = {
			isa = PBXGroup;
			children = (
				2DA1CD9119DE500700EA2B83 /* raycaster_explainer */,
			);
			name = Products;
			sourceTree = "<group>";
		};
		2DA1CD9319DE500700EA2B83 /* raycaster_explainer */ = {
			isa = PBXGroup;
			children = (
				2D2F049619E0E15F00A48B6D /* out_room.map */,
				2DA1CD9419DE500700EA2B83 /* main.cpp */,
				2DA1CD9B19E077D400EA2B83 /* beginning.map */,
				2DA1CD9C19E077D400EA2B83 /* TemplateIcon2x.png */,
			);
			path = raycaster_explainer;
			sourceTree = "<group>";
		};
/* End PBXGroup section */

/* Begin PBXNativeTarget section */
		2DA1CD9019DE500700EA2B83 /* raycaster_explainer */ = {
			isa = PBXNativeTarget;
			buildConfigurationList = 2DA1CD9819DE500700EA2B83 /* Build configuration list for PBXNativeTarget "raycaster_explainer" */;
			buildPhases = (
				2DA1CD8D19DE500700EA2B83 /* Sources */,
				2DA1CD8E19DE500700EA2B83 /* Frameworks */,
				2DA1CD8F19DE500700EA2B83 /* CopyFiles */,
			);
			buildRules = (
			);
			dependencies = (
			);
			name = raycaster_explainer;
			productName = raycaster_explainer;
			productReference = 2DA1CD9119DE500700EA2B83 /* raycaster_explainer */;
			productType = "com.apple.product-type.tool";
		};
/* End PBXNativeTarget section */

/* Begin PBXProject section */
		2DA1CD8919DE500700EA2B83 /* Project object */ = {
			isa = PBXProject;
			attributes = {
				LastUpgradeCheck = 0600;
				ORGANIZATIONNAME = "memset software";
				TargetAttributes = {
					2DA1CD9019DE500700EA2B83 = {
						CreatedOnToolsVersion = 6.0.1;
					};
				};
			};
			buildConfigurationList = 2DA1CD8C19DE500700EA2B83 /* Build configuration list for PBXProject "raycaster_explainer" */;
			compatibilityVersion = "Xcode 3.2";
			developmentRegion = English;
			hasScannedForEncodings = 0;
			knownRegions = (
				en,
			);
			mainGroup = 2DA1CD8819DE500700EA2B83;
			productRefGroup = 2DA1CD9219DE500700EA2B83 /* Products */;
			projectDirPath = "";
			projectRoot = "";
			targets = (
				2DA1CD9019DE500700EA2B83 /* raycaster_explainer */,
			);
		};
/* End PBXProject section */

/* Begin PBXSourcesBuildPhase section */
		2DA1CD8D19DE500700EA2B83 /* Sources */ = {
			isa = PBXSourcesBuildPhase;
			buildActionMask = 2147483647;
			files = (
				2D2F049719E0E15F00A48B6D /* out_room.map in Sources */,
				2DA1CD9519DE500700EA2B83 /* main.cpp in Sources */,
			);
			runOnlyForDeploymentPostprocessing = 0;
		};
/* End PBXSourcesBuildPhase section */

/* Begin XCBuildConfiguration section */
		2DA1CD9619DE500700EA2B83 /* Debug */ = {
			isa = XCBuildConfiguration;
			buildSettings = {
				ALWAYS_SEARCH_USER_PATHS = NO;
				CLANG_CXX_LANGUAGE_STANDARD = "gnu++0x";
				CLANG_CXX_LIBRARY = "libc++";
				CLANG_ENABLE_MODULES = YES;
				CLANG_ENABLE_OBJC_ARC = YES;
				CLANG_WARN_BOOL_CONVERSION = YES;
				CLANG_WARN_CONSTANT_CONVERSION = YES;
				CLANG_WARN_DIRECT_OBJC_ISA_USAGE = YES_ERROR;
				CLANG_WARN_EMPTY_BODY = YES;
				CLANG_WARN_ENUM_CONVERSION = YES;
				CLANG_WARN_INT_CONVERSION = YES;
				CLANG_WARN_OBJC_ROOT_CLASS = YES_ERROR;
				CLANG_WARN_UNREACHABLE_CODE = YES;
				CLANG_WARN__DUPLICATE_METHOD_MATCH = YES;
				COPY_PHASE_STRIP = NO;
				ENABLE_STRICT_OBJC_MSGSEND = YES;
				GCC_C_LANGUAGE_STANDARD = gnu99;
				GCC_DYNAMIC_NO_PIC = NO;
				GCC_OPTIMIZATION_LEVEL = 0;
				GCC_PREPROCESSOR_DEFINITIONS = (
					"DEBUG=1",
					"$(inherited)",
				);
				GCC_SYMBOLS_PRIVATE_EXTERN = NO;
				GCC_WARN_64_TO_32_BIT_CONVERSION = YES;
				GCC_WARN_ABOUT_RETURN_TYPE = YES_ERROR;
				GCC_WARN_UNDECLARED_SELECTOR = YES;
				GCC_WARN_UNINITIALIZED_AUTOS = YES_AGGRESSIVE;
				GCC_WARN_UNUSED_FUNCTION = YES;
				GCC_WARN_UNUSED_VARIABLE = YES;
				MACOSX_DEPLOYMENT_TARGET = 10.9;
				MTL_ENABLE_DEBUG_INFO = YES;
				ONLY_ACTIVE_ARCH = YES;
				SDKROOT = macosx;
			};
			name = Debug;
		};
		2DA1CD9719DE500700EA2B83 /* Release */ = {
			isa = XCBuildConfiguration;
			buildSettings = {
				ALWAYS_SEARCH_USER_PATHS = NO;
				CLANG_CXX_LANGUAGE_STANDARD = "gnu++0x";
				CLANG_CXX_LIBRARY = "libc++";
				CLANG_ENABLE_MODULES = YES;
				CLANG_ENABLE_OBJC_ARC = YES;
				CLANG_WARN_BOOL_CONVERSION = YES;
				CLANG_WARN_CONSTANT_CONVERSION = YES;
				CLANG_WARN_DIRECT_OBJC_ISA_USAGE = YES_ERROR;
				CLANG_WARN_EMPTY_BODY = YES;
				CLANG_WARN_ENUM_CONVERSION = YES;
				CLANG_WARN_INT_CONVERSION = YES;
				CLANG_WARN_OBJC_ROOT_CLASS = YES_ERROR;
				CLANG_WARN_UNREACHABLE_CODE = YES;
				CLANG_WARN__DUPLICATE_METHOD_MATCH = YES;
				COPY_PHASE_STRIP = YES;
				DEBUG_INFORMATION_FORMAT = "dwarf-with-dsym";
				ENABLE_NS_ASSERTIONS = NO;
				ENABLE_STRICT_OBJC_MSGSEND = YES;
				GCC_C_LANGUAGE_STANDARD = gnu99;
				GCC_WARN_64_TO_32_BIT_CONVERSION = YES;
				GCC_WARN_ABOUT_RETURN_TYPE = YES_ERROR;
				GCC_WARN_UNDECLARED_SELECTOR = YES;
				GCC_WARN_UNINITIALIZED_AUTOS = YES_AGGRESSIVE;
				GCC_WARN_UNUSED_FUNCTION = YES;
				GCC_WARN_UNUSED_VARIABLE = YES;
				MACOSX_DEPLOYMENT_TARGET = 10.9;
				MTL_ENABLE_DEBUG_INFO = NO;
				SDKROOT = macosx;
			};
			name = Release;
		};
		2DA1CD9919DE500700EA2B83 /* Debug */ = {
			isa = XCBuildConfiguration;
			buildSettings = {
				PRODUCT_NAME = "$(TARGET_NAME)";
			};
			name = Debug;
		};
		2DA1CD9A19DE500700EA2B83 /* Release */ = {
			isa = XCBuildConfiguration;
			buildSettings = {
				PRODUCT_NAME = "$(TARGET_NAME)";
			};
			name = Release;
		};
/* End XCBuildConfiguration section */

/* Begin XCConfigurationList section */
		2DA1CD8C19DE500700EA2B83 /* Build configuration list for PBXProject "raycaster_explainer" */ = {
			isa = XCConfigurationList;
			buildConfigurations = (
				2DA1CD9619DE500700EA2B83 /* Debug */,
				2DA1CD9719DE500700EA2B83 /* Release */,
			);
			defaultConfigurationIsVisible = 0;
			defaultConfigurationName = Release;
		};
		2DA1CD9819DE500700EA2B83 /* Build configuration list for PBXNativeTarget "raycaster_explainer" */ = {
			isa = XCConfigurationList;
			buildConfigurations = (
				2DA1CD9919DE500700EA2B83 /* Debug */,
				2DA1CD9A19DE500700EA2B83 /* Release */,
			);
			defaultConfigurationIsVisible = 0;
			defaultConfigurationName = Release;
		};
/* End XCConfigurationList section */
	};
	rootObject = 2DA1CD8919DE500700EA2B83 /* Project object */;
}
